{
  "nodes": {
    "emacs": {
      "locked": {
        "lastModified": 1630689308,
        "narHash": "sha256-1jL0IQJFytv9VsbOc1EKvkaFrZWwosoFAcSrpwvhulw=",
        "owner": "nix-community",
        "repo": "emacs-overlay",
        "rev": "efc5b40f6dfb4bffa8cd5965e9825f95cff3028b",
        "type": "github"
      },
      "original": {
        "owner": "nix-community",
        "repo": "emacs-overlay",
        "type": "github"
      }
    },
    "emacsmat": {
      "flake": false,
      "locked": {
        "lastModified": 1630701606,
        "narHash": "sha256-J/3QDKf89RslLi5/c07TZntchsIlNfbAUysQMGTUQgE=",
        "owner": "zoedsoupe",
        "repo": "emacsmat",
        "rev": "9581e2f5df7818df1367a7d56a73cc4a2c68f6d5",
        "type": "github"
      },
      "original": {
        "owner": "zoedsoupe",
        "repo": "emacsmat",
        "type": "github"
      }
    },
    "home-manager": {
      "inputs": {
        "nixpkgs": [
          "unstable"
        ]
      },
      "locked": {
        "lastModified": 1630294974,
        "narHash": "sha256-9e3AKxbCoexrsWFXxQ4QUETNxQlXaffnntEnPOO19oI=",
        "owner": "nix-community",
        "repo": "home-manager",
        "rev": "61ca2fc1c00a275b8bd61582b23195d60fe0fa40",
        "type": "github"
      },
      "original": {
        "owner": "nix-community",
        "repo": "home-manager",
        "type": "github"
      }
    },
    "neomat": {
      "flake": false,
      "locked": {
        "lastModified": 1630953453,
        "narHash": "sha256-Kz7dBcRDFFLNjhWz5XayPwmPO1kddOHkigoAbnnhec4=",
        "owner": "zoedsoupe",
        "repo": "neomat",
        "rev": "6353c13a1b4375416a14363355e40eba4f8f8419",
        "type": "github"
      },
      "original": {
        "owner": "zoedsoupe",
        "repo": "neomat",
        "type": "github"
      }
    },
    "nixpkgs": {
      "locked": {
        "lastModified": 1630076329,
        "narHash": "sha256-mkxPL5pXZv8cfHgjSW0oWfZRGSSlGwXy/7KR+2Mgf3M=",
        "owner": "NixOS",
        "repo": "nixpkgs",
        "rev": "74d017edb6717ad76d38edc02ad3210d4ad66b96",
        "type": "github"
      },
      "original": {
        "owner": "NixOS",
        "ref": "nixos-21.05",
        "repo": "nixpkgs",
        "type": "github"
      }
    },
    "nixpkgs-latest": {
      "locked": {
        "lastModified": 1630140382,
        "narHash": "sha256-ntXepAHFlAEtaYIU5EzckRUODeeMgpu1u2Yug+4LFNc=",
        "owner": "NixOS",
        "repo": "nixpkgs",
        "rev": "08ef0f28e3a41424b92ba1d203de64257a9fca6a",
        "type": "github"
      },
      "original": {
        "owner": "NixOS",
        "ref": "nixpkgs-unstable",
        "repo": "nixpkgs",
        "type": "github"
      }
    },
    "root": {
      "inputs": {
        "emacs": "emacs",
        "emacsmat": "emacsmat",
        "home-manager": "home-manager",
        "neomat": "neomat",
        "nixpkgs": "nixpkgs",
        "nixpkgs-latest": "nixpkgs-latest",
        "unstable": "unstable"
      }
    },
    "unstable": {
      "locked": {
        "lastModified": 1630248577,
        "narHash": "sha256-9d/yq96TTrnF7qjA6wPYk+rYjWAXwfUmwk3qewezSeg=",
        "owner": "nixos",
        "repo": "nixpkgs",
        "rev": "8d8a28b47b7c41aeb4ad01a2bd8b7d26986c3512",
        "type": "github"
      },
      "original": {
        "owner": "nixos",
        "ref": "nixos-unstable",
        "repo": "nixpkgs",
        "type": "github"
      }
    }
  },
  "root": "root",
  "version": 7
}
