{
  "nodes": {
    "aqua": {
      "flake": false,
      "locked": {
        "lastModified": 1643411874,
        "narHash": "sha256-88IQdzP8nuIUu22HhntwYJnn6EzpH6QrYYROC9FRwUc=",
        "owner": "zoedsoupe",
        "repo": "aqua",
        "rev": "cec4a7a4ef21b16c6e2d9d56c9499f9da8392b19",
        "type": "github"
      },
      "original": {
        "owner": "zoedsoupe",
        "repo": "aqua",
        "type": "github"
      }
    },
    "bullets-vim": {
      "flake": false,
      "locked": {
        "lastModified": 1643523893,
        "narHash": "sha256-OqVGuf/imrSvj6OFkQw7VmSZ/69WdBx3YBLLv2vrz7U=",
        "owner": "dkarter",
        "repo": "bullets.vim",
        "rev": "f3b4ae71f60b5723077a77cfe9e8776a3ca553ac",
        "type": "github"
      },
      "original": {
        "owner": "dkarter",
        "repo": "bullets.vim",
        "type": "github"
      }
    },
    "calvera-dark": {
      "flake": false,
      "locked": {
        "lastModified": 1628826150,
        "narHash": "sha256-DMyElTyzSqqcKnfVm/Rjkg9Ax5WvRw5lDW1A/0+Tmfg=",
        "owner": "yashguptaz",
        "repo": "calvera-dark.nvim",
        "rev": "84802d0bde047ce79ebfddc1800800f0bd67f37a",
        "type": "github"
      },
      "original": {
        "owner": "yashguptaz",
        "repo": "calvera-dark.nvim",
        "type": "github"
      }
    },
    "codi-vim": {
      "flake": false,
      "locked": {
        "lastModified": 1610366462,
        "narHash": "sha256-1M0HiEniOpVXRPJ3BJNHO8Ny8JN0WEfjBZVOfRRGQJY=",
        "owner": "metakirby5",
        "repo": "codi.vim",
        "rev": "cf62681a4962ce1873e4b2a5e0bf401dcd42890f",
        "type": "github"
      },
      "original": {
        "owner": "metakirby5",
        "repo": "codi.vim",
        "type": "github"
      }
    },
    "copper": {
      "inputs": {
        "bullets-vim": "bullets-vim",
        "calvera-dark": "calvera-dark",
        "codi-vim": "codi-vim",
        "dashboard-nvim": "dashboard-nvim",
        "direnv-vim": "direnv-vim",
        "editorconfig-vim": "editorconfig-vim",
        "emmet-vim": "emmet-vim",
        "flake-utils": "flake-utils",
        "galaxyline-nvim": "galaxyline-nvim",
        "gitsigns-nvim": "gitsigns-nvim",
        "indent-blankline-nvim-lua": "indent-blankline-nvim-lua",
        "monochrome": "monochrome",
        "neon": "neon",
        "neoscroll": "neoscroll",
        "neovim": "neovim",
        "nixpkgs": "nixpkgs",
        "nvim-autopairs": "nvim-autopairs",
        "nvim-colorizer-lua": "nvim-colorizer-lua",
        "nvim-comment": "nvim-comment",
        "nvim-tree-lua": "nvim-tree-lua",
        "nvim-treesitter": "nvim-treesitter",
        "nvim-ts-rainbow": "nvim-ts-rainbow",
        "nvim-web-devicons": "nvim-web-devicons",
        "nvim-which-key": "nvim-which-key",
        "plenary-nvim": "plenary-nvim",
        "popup-nvim": "popup-nvim",
        "sonokai": "sonokai",
        "syntastic": "syntastic",
        "telescope-nvim": "telescope-nvim",
        "trouble": "trouble",
        "true-zen": "true-zen",
        "ultisnips": "ultisnips",
        "vim-elixir": "vim-elixir",
        "vim-haskell-module-name": "vim-haskell-module-name",
        "vim-highlightedyank": "vim-highlightedyank",
        "vim-matchup": "vim-matchup",
        "vim-polyglot": "vim-polyglot",
        "vim-rescript": "vim-rescript",
        "vim-snippets": "vim-snippets",
        "vim-surround": "vim-surround",
        "vimagit": "vimagit",
        "vimtex": "vimtex"
      },
      "locked": {
        "lastModified": 1643914088,
        "narHash": "sha256-WOibbj1X+3rKe2K3e+P0ncwqQn6idXdvSYiqfGEKsOs=",
        "owner": "zoedsoupe",
        "repo": "copper",
        "rev": "1442d91222cb0d8a65e2a1384aef104840eef016",
        "type": "github"
      },
      "original": {
        "owner": "zoedsoupe",
        "repo": "copper",
        "type": "github"
      }
    },
    "dashboard-nvim": {
      "flake": false,
      "locked": {
        "lastModified": 1618643582,
        "narHash": "sha256-uE+HACS/Hg8JUrA+6TQ7M9HrSfdnPbAUlr4fPZEF078=",
        "owner": "glepnir",
        "repo": "dashboard-nvim",
        "rev": "ba98ab86487b8eda3b0934b5423759944b5f7ebd",
        "type": "github"
      },
      "original": {
        "owner": "glepnir",
        "repo": "dashboard-nvim",
        "type": "github"
      }
    },
    "direnv-vim": {
      "flake": false,
      "locked": {
        "lastModified": 1605876688,
        "narHash": "sha256-U/HEQ/hKUxDjnv8mvi62/RtU8TNZzmy8J9SYJrtC34w=",
        "owner": "direnv",
        "repo": "direnv.vim",
        "rev": "ff37d76da391e1ef299d2f5eb84006cb27a67799",
        "type": "github"
      },
      "original": {
        "owner": "direnv",
        "repo": "direnv.vim",
        "type": "github"
      }
    },
    "editorconfig-vim": {
      "flake": false,
      "locked": {
        "lastModified": 1642820146,
        "narHash": "sha256-qFLXqhV+ZVhxoq+QoxWSDUrg8W/+qChJuCd4hSJqy28=",
        "owner": "editorconfig",
        "repo": "editorconfig-vim",
        "rev": "a8e3e66deefb6122f476c27cee505aaae93f7109",
        "type": "github"
      },
      "original": {
        "owner": "editorconfig",
        "repo": "editorconfig-vim",
        "type": "github"
      }
    },
    "emacs": {
      "locked": {
        "lastModified": 1643913487,
        "narHash": "sha256-HFu8OILXJAFSk7qZabytNybk96szIX55r81uPYF2DO8=",
        "owner": "nix-community",
        "repo": "emacs-overlay",
        "rev": "a274c9d17d5e57b37a17135603e998b4ffcc6cf7",
        "type": "github"
      },
      "original": {
        "owner": "nix-community",
        "repo": "emacs-overlay",
        "type": "github"
      }
    },
    "emmet-vim": {
      "flake": false,
      "locked": {
        "lastModified": 1638632324,
        "narHash": "sha256-VJa3AgbLW8Jow5Ka4NsN0cV3LLNLl0TLSHfMwhElaN0=",
        "owner": "mattn",
        "repo": "emmet-vim",
        "rev": "def5d57a1ae5afb1b96ebe83c4652d1c03640f4d",
        "type": "github"
      },
      "original": {
        "owner": "mattn",
        "repo": "emmet-vim",
        "type": "github"
      }
    },
    "flake-utils": {
      "locked": {
        "lastModified": 1642700792,
        "narHash": "sha256-XqHrk7hFb+zBvRg6Ghl+AZDq03ov6OshJLiSWOoX5es=",
        "owner": "numtide",
        "repo": "flake-utils",
        "rev": "846b2ae0fc4cc943637d3d1def4454213e203cba",
        "type": "github"
      },
      "original": {
        "owner": "numtide",
        "repo": "flake-utils",
        "type": "github"
      }
    },
    "galaxyline-nvim": {
      "flake": false,
      "locked": {
        "lastModified": 1619341455,
        "narHash": "sha256-q4YgDomTkVrNp/sAf61D97QYasbFG/sTwkGyhjWmII0=",
        "owner": "glepnir",
        "repo": "galaxyline.nvim",
        "rev": "d544cb9d0b56f6ef271db3b4c3cf19ef665940d5",
        "type": "github"
      },
      "original": {
        "owner": "glepnir",
        "repo": "galaxyline.nvim",
        "type": "github"
      }
    },
    "gitsigns-nvim": {
      "flake": false,
      "locked": {
        "lastModified": 1643802670,
        "narHash": "sha256-+VLrfoFBvuNFTVmJCUv+A/DvKPiXg6XNeDkIfHH5aP0=",
        "owner": "lewis6991",
        "repo": "gitsigns.nvim",
        "rev": "672482df3e80e4e30587c54d4c5e3a7f729ce039",
        "type": "github"
      },
      "original": {
        "owner": "lewis6991",
        "repo": "gitsigns.nvim",
        "type": "github"
      }
    },
    "home-manager": {
      "inputs": {
        "nixpkgs": [
          "nixpkgs"
        ]
      },
      "locked": {
        "lastModified": 1638281721,
        "narHash": "sha256-d3vAVFG6zov9NwjSuYntBiD+I5KjJLwX09c7uAzbONI=",
        "owner": "nix-community",
        "repo": "home-manager",
        "rev": "7329ffc6e911106494183557fc249180d5422929",
        "type": "github"
      },
      "original": {
        "owner": "nix-community",
        "ref": "release-21.05",
        "repo": "home-manager",
        "type": "github"
      }
    },
    "indent-blankline-nvim-lua": {
      "flake": false,
      "locked": {
        "lastModified": 1642829036,
        "narHash": "sha256-ik7GDbctby+fzk+TX2A3NQNN7zq2smOxDcEeWsc88sE=",
        "owner": "lukas-reineke",
        "repo": "indent-blankline.nvim",
        "rev": "2e35f7dcdc72f39b37c21e43cdb538d7a41c7e07",
        "type": "github"
      },
      "original": {
        "owner": "lukas-reineke",
        "repo": "indent-blankline.nvim",
        "type": "github"
      }
    },
    "monochrome": {
      "flake": false,
      "locked": {
        "lastModified": 1626289966,
        "narHash": "sha256-TgilR5jnos2YZeaJUuej35bQ9yE825MQk0s6gxwkAbA=",
        "owner": "kdheepak",
        "repo": "monochrome.nvim",
        "rev": "2de78d9688ea4a177bcd9be554ab9192337d35ff",
        "type": "github"
      },
      "original": {
        "owner": "kdheepak",
        "repo": "monochrome.nvim",
        "type": "github"
      }
    },
    "neon": {
      "flake": false,
      "locked": {
        "lastModified": 1627614626,
        "narHash": "sha256-Y5uGMyH/fXLt3dF5vZAHsJNcBIG77VItFkVKSIAY79w=",
        "owner": "rafamadriz",
        "repo": "neon",
        "rev": "5c6d24504e2177a709ad16ae9e89ab5732327ad8",
        "type": "github"
      },
      "original": {
        "owner": "rafamadriz",
        "repo": "neon",
        "type": "github"
      }
    },
    "neoscroll": {
      "flake": false,
      "locked": {
        "lastModified": 1642114705,
        "narHash": "sha256-0OaoqN9kmS2AAEKM+cfzLjPwgD0j5P+bmBlblmsbkvU=",
        "owner": "karb94",
        "repo": "neoscroll.nvim",
        "rev": "07242b9c29eed0367cb305d41851b2e04de9052e",
        "type": "github"
      },
      "original": {
        "owner": "karb94",
        "repo": "neoscroll.nvim",
        "type": "github"
      }
    },
    "neovim": {
      "inputs": {
        "flake-utils": [
          "copper",
          "flake-utils"
        ],
        "nixpkgs": [
          "copper",
          "nixpkgs"
        ]
      },
      "locked": {
        "dir": "contrib",
        "lastModified": 1643906682,
        "narHash": "sha256-KJwUQJVLiL6Wrpr5hitbLqayhp57QqSBa/WKh9nRl8E=",
        "owner": "neovim",
        "repo": "neovim",
        "rev": "9efdd927ff50f22e623133976ddd57538f9cd491",
        "type": "github"
      },
      "original": {
        "dir": "contrib",
        "owner": "neovim",
        "repo": "neovim",
        "type": "github"
      }
    },
    "nixpkgs": {
      "locked": {
        "lastModified": 1643472818,
        "narHash": "sha256-qzVPxKDUubYIxKRSuDl/JgzXWSmGvUVYny9SxFMfPJM=",
        "owner": "nixos",
        "repo": "nixpkgs",
        "rev": "7f65e4abd5ecaad12d2d26e4380d1a7d8edafea7",
        "type": "github"
      },
      "original": {
        "owner": "nixos",
        "ref": "nixpkgs-unstable",
        "repo": "nixpkgs",
        "type": "github"
      }
    },
    "nixpkgs-latest": {
      "locked": {
        "lastModified": 1643472818,
        "narHash": "sha256-qzVPxKDUubYIxKRSuDl/JgzXWSmGvUVYny9SxFMfPJM=",
        "owner": "NixOS",
        "repo": "nixpkgs",
        "rev": "7f65e4abd5ecaad12d2d26e4380d1a7d8edafea7",
        "type": "github"
      },
      "original": {
        "owner": "NixOS",
        "ref": "nixpkgs-unstable",
        "repo": "nixpkgs",
        "type": "github"
      }
    },
    "nixpkgs-master": {
      "locked": {
        "lastModified": 1643913806,
        "narHash": "sha256-WWO+vgpav9Z0kh0suaJ+QzfEgcfi1+OoTjqhkWFmzvY=",
        "owner": "NixOS",
        "repo": "nixpkgs",
        "rev": "42a14b7fbe9bc96eae73f259d124cbef0ccdcc34",
        "type": "github"
      },
      "original": {
        "owner": "NixOS",
        "ref": "master",
        "repo": "nixpkgs",
        "type": "github"
      }
    },
    "nixpkgs_2": {
      "locked": {
        "lastModified": 1642244250,
        "narHash": "sha256-vWpUEqQdVP4srj+/YLJRTN9vjpTs4je0cdWKXPbDItc=",
        "owner": "NixOS",
        "repo": "nixpkgs",
        "rev": "0fd9ee1aa36ce865ad273f4f07fdc093adeb5c00",
        "type": "github"
      },
      "original": {
        "owner": "NixOS",
        "ref": "nixos-21.05",
        "repo": "nixpkgs",
        "type": "github"
      }
    },
    "nvim-autopairs": {
      "flake": false,
      "locked": {
        "lastModified": 1642167318,
        "narHash": "sha256-XP/HQ8jhgkrTVEmkFZz4CqwjSjAvl561XMMQDVnOtuE=",
        "owner": "windwp",
        "repo": "nvim-autopairs",
        "rev": "97e454ce9b1371373105716d196c1017394bc947",
        "type": "github"
      },
      "original": {
        "owner": "windwp",
        "repo": "nvim-autopairs",
        "type": "github"
      }
    },
    "nvim-colorizer-lua": {
      "flake": false,
      "locked": {
        "lastModified": 1591879145,
        "narHash": "sha256-6YrnItxExL2C8pNIdLd+hXCjsB2MbZANwWkah6dreD8=",
        "owner": "norcalli",
        "repo": "nvim-colorizer.lua",
        "rev": "36c610a9717cc9ec426a07c8e6bf3b3abcb139d6",
        "type": "github"
      },
      "original": {
        "owner": "norcalli",
        "repo": "nvim-colorizer.lua",
        "type": "github"
      }
    },
    "nvim-comment": {
      "flake": false,
      "locked": {
        "lastModified": 1641338472,
        "narHash": "sha256-8K1yWekW6ALPYwiofpyFzDtkwHWW0Vs+Tcd5AIBXd0g=",
        "owner": "terrortylor",
        "repo": "nvim-comment",
        "rev": "f670649da497de12aa3d5afc0a693d5d50b17d85",
        "type": "github"
      },
      "original": {
        "owner": "terrortylor",
        "repo": "nvim-comment",
        "type": "github"
      }
    },
    "nvim-tree-lua": {
      "flake": false,
      "locked": {
        "lastModified": 1643703429,
        "narHash": "sha256-8cFFyXfwyJDbmzaw0o7EYz2JveY7qmyDjuq0Pxy1PHE=",
        "owner": "kyazdani42",
        "repo": "nvim-tree.lua",
        "rev": "99d65afd6ef05cc57f835451126e5c44db03cef1",
        "type": "github"
      },
      "original": {
        "owner": "kyazdani42",
        "repo": "nvim-tree.lua",
        "type": "github"
      }
    },
    "nvim-treesitter": {
      "flake": false,
      "locked": {
        "lastModified": 1643912584,
        "narHash": "sha256-HQ9NLHhOQPB6Xcj9G6UqDAWiB0LuDs0iZzRhfyD0XKo=",
        "owner": "nvim-treesitter",
        "repo": "nvim-treesitter",
        "rev": "3cfbde4db05dc9f3f38fcee212849799bb6f2e54",
        "type": "github"
      },
      "original": {
        "owner": "nvim-treesitter",
        "repo": "nvim-treesitter",
        "type": "github"
      }
    },
    "nvim-ts-rainbow": {
      "flake": false,
      "locked": {
        "lastModified": 1643862433,
        "narHash": "sha256-eITQTCWvtzt0UERan90hDVOK5I8sr01dtjSq7TXLRZg=",
        "owner": "p00f",
        "repo": "nvim-ts-rainbow",
        "rev": "ece7deac8f4dfa643f17f3ed5bd85359e2e05f78",
        "type": "github"
      },
      "original": {
        "owner": "p00f",
        "repo": "nvim-ts-rainbow",
        "type": "github"
      }
    },
    "nvim-web-devicons": {
      "flake": false,
      "locked": {
        "lastModified": 1643703290,
        "narHash": "sha256-hJYLJIIs2TqWL/hJzFQmEfLD5Y3UbVKkEVG1F9ckRPU=",
        "owner": "kyazdani42",
        "repo": "nvim-web-devicons",
        "rev": "2f8439282575ce75784fb22d528dec7fd2e31a2e",
        "type": "github"
      },
      "original": {
        "owner": "kyazdani42",
        "repo": "nvim-web-devicons",
        "type": "github"
      }
    },
    "nvim-which-key": {
      "flake": false,
      "locked": {
        "lastModified": 1642619077,
        "narHash": "sha256-bz41c/zenRVVIkwtHHIi8wF/LZn2JEkFc6tkPv/BYY4=",
        "owner": "folke",
        "repo": "which-key.nvim",
        "rev": "28d2bd129575b5e9ebddd88506601290bb2bb221",
        "type": "github"
      },
      "original": {
        "owner": "folke",
        "repo": "which-key.nvim",
        "type": "github"
      }
    },
    "plenary-nvim": {
      "flake": false,
      "locked": {
        "lastModified": 1643657697,
        "narHash": "sha256-kN5EjWPb6rRIJ4G+FBuwEyfIqpuxdaEgRCaGM/fE0fk=",
        "owner": "nvim-lua",
        "repo": "plenary.nvim",
        "rev": "e86dc9b11241ff69ece50c15a5cdd49d20d4c27c",
        "type": "github"
      },
      "original": {
        "owner": "nvim-lua",
        "repo": "plenary.nvim",
        "type": "github"
      }
    },
    "popup-nvim": {
      "flake": false,
      "locked": {
        "lastModified": 1637254091,
        "narHash": "sha256-dNWz/xovUg55fDZUpVs/2kLphk3lqQyvPtc9ATwbeSQ=",
        "owner": "nvim-lua",
        "repo": "popup.nvim",
        "rev": "b7404d35d5d3548a82149238289fa71f7f6de4ac",
        "type": "github"
      },
      "original": {
        "owner": "nvim-lua",
        "repo": "popup.nvim",
        "type": "github"
      }
    },
    "root": {
      "inputs": {
        "aqua": "aqua",
        "copper": "copper",
        "emacs": "emacs",
        "home-manager": "home-manager",
        "nixpkgs": "nixpkgs_2",
        "nixpkgs-latest": "nixpkgs-latest",
        "nixpkgs-master": "nixpkgs-master",
        "unstable": "unstable"
      }
    },
    "sonokai": {
      "flake": false,
      "locked": {
        "lastModified": 1643010272,
        "narHash": "sha256-79fdh/eTDtjDO0Os0O7ZBK0iDyUf+D7s7XdjlJAzFic=",
        "owner": "sainnhe",
        "repo": "sonokai",
        "rev": "9a2ac50100b22599ac625484a76f192dfd80e2ce",
        "type": "github"
      },
      "original": {
        "owner": "sainnhe",
        "repo": "sonokai",
        "type": "github"
      }
    },
    "syntastic": {
      "flake": false,
      "locked": {
        "lastModified": 1636618199,
        "narHash": "sha256-+fFNrdfwwz48a5E2NXPcxMDRmL9nmS5WGfbln3Qmi6I=",
        "owner": "vim-syntastic",
        "repo": "syntastic",
        "rev": "2c4b33f6e6679fb5f3824d9cd38d4813c71a19a3",
        "type": "github"
      },
      "original": {
        "owner": "vim-syntastic",
        "repo": "syntastic",
        "type": "github"
      }
    },
    "telescope-nvim": {
      "flake": false,
      "locked": {
        "lastModified": 1643657693,
        "narHash": "sha256-u7p3I9XX2DFpqjDfJm2IELl9ooQDIWZt/SS0mwEPIz4=",
        "owner": "nvim-telescope",
        "repo": "telescope.nvim",
        "rev": "f262e7d56d37625613c5de0df5a933cccacf13c5",
        "type": "github"
      },
      "original": {
        "owner": "nvim-telescope",
        "repo": "telescope.nvim",
        "type": "github"
      }
    },
    "trouble": {
      "flake": false,
      "locked": {
        "lastModified": 1640940059,
        "narHash": "sha256-t6zNugUO75TxOs4T83H8Slr04m3Dv113p/M/4XPg4QE=",
        "owner": "folke",
        "repo": "trouble.nvim",
        "rev": "20469be985143d024c460d95326ebeff9971d714",
        "type": "github"
      },
      "original": {
        "owner": "folke",
        "repo": "trouble.nvim",
        "type": "github"
      }
    },
    "true-zen": {
      "flake": false,
      "locked": {
        "lastModified": 1634079221,
        "narHash": "sha256-fc0/aBRumF9Gn1pY6WhU/LHZH9hXaBULRYIO9GrwJGs=",
        "owner": "Pocco81",
        "repo": "TrueZen.nvim",
        "rev": "508b977d71650da5c9243698614a9a1416f116d4",
        "type": "github"
      },
      "original": {
        "owner": "Pocco81",
        "repo": "TrueZen.nvim",
        "type": "github"
      }
    },
    "ultisnips": {
      "flake": false,
      "locked": {
        "lastModified": 1643747732,
        "narHash": "sha256-Vfn/NZO9t36czrhTar59oZZw7fD90iOO1DQJ9/1DEBI=",
        "owner": "SirVer",
        "repo": "ultisnips",
        "rev": "c428cdf605658004ae067e862ca7ec3f3e22799d",
        "type": "github"
      },
      "original": {
        "owner": "SirVer",
        "repo": "ultisnips",
        "type": "github"
      }
    },
    "unstable": {
      "locked": {
        "lastModified": 1643805626,
        "narHash": "sha256-AXLDVMG+UaAGsGSpOtQHPIKB+IZ0KSd9WS77aanGzgc=",
        "owner": "nixos",
        "repo": "nixpkgs",
        "rev": "554d2d8aa25b6e583575459c297ec23750adb6cb",
        "type": "github"
      },
      "original": {
        "owner": "nixos",
        "ref": "nixos-unstable",
        "repo": "nixpkgs",
        "type": "github"
      }
    },
    "vim-elixir": {
      "flake": false,
      "locked": {
        "lastModified": 1643166575,
        "narHash": "sha256-T12NUbo/J8j4xfdmJvOOeEfwa2q9TRUlC9jJVrdhAik=",
        "owner": "elixir-editors",
        "repo": "vim-elixir",
        "rev": "ff7a1223dfc5386c41bb582039a90a262d488607",
        "type": "github"
      },
      "original": {
        "owner": "elixir-editors",
        "repo": "vim-elixir",
        "type": "github"
      }
    },
    "vim-haskell-module-name": {
      "flake": false,
      "locked": {
        "lastModified": 1352282085,
        "narHash": "sha256-pjjoPkP2UX/qjUUAbs2KMngot19AyGa0yn2k4A3vdGo=",
        "owner": "UnkindPartition",
        "repo": "vim-hs-module-name",
        "rev": "7fd95540e668a6d95accd5d0b89fa3148aafcd14",
        "type": "github"
      },
      "original": {
        "owner": "UnkindPartition",
        "repo": "vim-hs-module-name",
        "type": "github"
      }
    },
    "vim-highlightedyank": {
      "flake": false,
      "locked": {
        "lastModified": 1643116288,
        "narHash": "sha256-xaQG8TZN2nDj4gWR7Tq6JXLU000OcrnBZ9biNfH0lmo=",
        "owner": "machakann",
        "repo": "vim-highlightedyank",
        "rev": "ff16bf3bac23fb4e17c976f4e1ff7941cd686c8d",
        "type": "github"
      },
      "original": {
        "owner": "machakann",
        "repo": "vim-highlightedyank",
        "type": "github"
      }
    },
    "vim-matchup": {
      "flake": false,
      "locked": {
        "lastModified": 1643247497,
        "narHash": "sha256-QGJtkRi2+RpApRLXJYPkvs0ypwwmqg87Tw/Mg3e13fw=",
        "owner": "andymass",
        "repo": "vim-matchup",
        "rev": "07196cfb15070cb8f7f71f8ef4dfbebfc5e83304",
        "type": "github"
      },
      "original": {
        "owner": "andymass",
        "repo": "vim-matchup",
        "type": "github"
      }
    },
    "vim-polyglot": {
      "flake": false,
      "locked": {
        "lastModified": 1642973934,
        "narHash": "sha256-41uXjS7MOlbcOXhsPlkzazfD4PzS/Kmga6kd3pnzUqk=",
        "owner": "sheerun",
        "repo": "vim-polyglot",
        "rev": "2c5af8f89d3e61e04e761c07a1f043b0f35203c6",
        "type": "github"
      },
      "original": {
        "owner": "sheerun",
        "repo": "vim-polyglot",
        "type": "github"
      }
    },
    "vim-rescript": {
      "flake": false,
      "locked": {
        "lastModified": 1643024658,
        "narHash": "sha256-ZVhI3y2qtgyq/2y3SOtgTVkksxn4g0d1kSuuHrDmFdI=",
        "owner": "rescript-lang",
        "repo": "vim-rescript",
        "rev": "6a0497704c8deb758d934f79030d6e18bede9e54",
        "type": "github"
      },
      "original": {
        "owner": "rescript-lang",
        "repo": "vim-rescript",
        "type": "github"
      }
    },
    "vim-snippets": {
      "flake": false,
      "locked": {
        "lastModified": 1643804114,
        "narHash": "sha256-6qyo/xmhsoZkkm7ep/xRTDwSAz0h58SLO2LxLnBwwcc=",
        "owner": "honza",
        "repo": "vim-snippets",
        "rev": "249523700fe38d595fd8156e18430d1faf38aa40",
        "type": "github"
      },
      "original": {
        "owner": "honza",
        "repo": "vim-snippets",
        "type": "github"
      }
    },
    "vim-surround": {
      "flake": false,
      "locked": {
        "lastModified": 1643508337,
        "narHash": "sha256-KLZztzV/3zh52MZ9YG0F/wQnke4EorXOB1YJ/sUL908=",
        "owner": "tpope",
        "repo": "vim-surround",
        "rev": "baf89ad26488f6a7665d51b986f5c7ad2d22b30b",
        "type": "github"
      },
      "original": {
        "owner": "tpope",
        "repo": "vim-surround",
        "type": "github"
      }
    },
    "vimagit": {
      "flake": false,
      "locked": {
        "lastModified": 1628588042,
        "narHash": "sha256-onD/M0MWOzabIm3qboKZYu+CC8nD3ElMVl22pJPbP/o=",
        "owner": "jreybert",
        "repo": "vimagit",
        "rev": "fb71060049f829e48fc392e0be43d1040c271204",
        "type": "github"
      },
      "original": {
        "owner": "jreybert",
        "repo": "vimagit",
        "type": "github"
      }
    },
    "vimtex": {
      "flake": false,
      "locked": {
        "lastModified": 1643824728,
        "narHash": "sha256-d/IVAJdwNElXemyqPGC8rV85wy1vqz54X5URut8Y7jo=",
        "owner": "lervag",
        "repo": "vimtex",
        "rev": "b5269072618f4b0f49d76d1f9ed8e5c22082d359",
        "type": "github"
      },
      "original": {
        "owner": "lervag",
        "repo": "vimtex",
        "type": "github"
      }
    }
  },
  "root": "root",
  "version": 7
}
